// !$*UTF8*$!
{
	archiveVersion = 1;
	classes = {
	};
	objectVersion = 46;
	objects = {

/* Begin PBXBuildFile section */
		4D8CE6DC1950C3E300FD8164 /* main.m in Sources */ = {isa = PBXBuildFile; fileRef = 4D8CE6DB1950C3E300FD8164 /* main.m */; };
		4D8CE6DF1950C3E300FD8164 /* AppDelegate.m in Sources */ = {isa = PBXBuildFile; fileRef = 4D8CE6DE1950C3E300FD8164 /* AppDelegate.m */; };
		4D8CE6E21950C3E300FD8164 /* ViewController.m in Sources */ = {isa = PBXBuildFile; fileRef = 4D8CE6E11950C3E300FD8164 /* ViewController.m */; };
		4D8CE6E51950C3E300FD8164 /* Main.storyboard in Resources */ = {isa = PBXBuildFile; fileRef = 4D8CE6E31950C3E300FD8164 /* Main.storyboard */; };
		4D8CE6E71950C3E300FD8164 /* Images.xcassets in Resources */ = {isa = PBXBuildFile; fileRef = 4D8CE6E61950C3E300FD8164 /* Images.xcassets */; };
		4D8CE6F31950C3E300FD8164 /* NextiOSMeetupTests.m in Sources */ = {isa = PBXBuildFile; fileRef = 4D8CE6F21950C3E300FD8164 /* NextiOSMeetupTests.m */; };
		4D8CE7031950C8E900FD8164 /* NotificationCenter.framework in Frameworks */ = {isa = PBXBuildFile; fileRef = 4D8CE7021950C8E900FD8164 /* NotificationCenter.framework */; };
		4D8CE7091950C8E900FD8164 /* TodayViewController.m in Sources */ = {isa = PBXBuildFile; fileRef = 4D8CE7081950C8E900FD8164 /* TodayViewController.m */; };
		4D8CE70B1950C8E900FD8164 /* MainInterface.storyboard in Resources */ = {isa = PBXBuildFile; fileRef = 4D8CE70A1950C8E900FD8164 /* MainInterface.storyboard */; };
		4D8CE70E1950C8E900FD8164 /* Arkemm.NextiOSMeetup.NSLondon.appex in Embed App Extensions */ = {isa = PBXBuildFile; fileRef = 4D8CE7001950C8E900FD8164 /* Arkemm.NextiOSMeetup.NSLondon.appex */; };
/* End PBXBuildFile section */

/* Begin PBXContainerItemProxy section */
		4D8CE6ED1950C3E300FD8164 /* PBXContainerItemProxy */ = {
			isa = PBXContainerItemProxy;
			containerPortal = 4D8CE6CE1950C3E300FD8164 /* Project object */;
			proxyType = 1;
			remoteGlobalIDString = 4D8CE6D51950C3E300FD8164;
			remoteInfo = NextiOSMeetup;
		};
		4D8CE70C1950C8E900FD8164 /* PBXContainerItemProxy */ = {
			isa = PBXContainerItemProxy;
			containerPortal = 4D8CE6CE1950C3E300FD8164 /* Project object */;
			proxyType = 1;
			remoteGlobalIDString = 4D8CE6FF1950C8E900FD8164;
			remoteInfo = NSLondon;
		};
		4D8CE70F1950C8E900FD8164 /* PBXContainerItemProxy */ = {
			isa = PBXContainerItemProxy;
			containerPortal = 4D8CE6CE1950C3E300FD8164 /* Project object */;
			proxyType = 1;
			remoteGlobalIDString = 4D8CE6FF1950C8E900FD8164;
			remoteInfo = NSLondon;
		};
/* End PBXContainerItemProxy section */

/* Begin PBXCopyFilesBuildPhase section */
		4D8CE7141950C8E900FD8164 /* Embed App Extensions */ = {
			isa = PBXCopyFilesBuildPhase;
			buildActionMask = 2147483647;
			dstPath = "";
			dstSubfolderSpec = 13;
			files = (
				4D8CE70E1950C8E900FD8164 /* Arkemm.NextiOSMeetup.NSLondon.appex in Embed App Extensions */,
			);
			name = "Embed App Extensions";
			runOnlyForDeploymentPostprocessing = 0;
		};
/* End PBXCopyFilesBuildPhase section */

/* Begin PBXFileReference section */
		4D8CE6D61950C3E300FD8164 /* NextiOSMeetup.app */ = {isa = PBXFileReference; explicitFileType = wrapper.application; includeInIndex = 0; path = NextiOSMeetup.app; sourceTree = BUILT_PRODUCTS_DIR; };
		4D8CE6DA1950C3E300FD8164 /* Info.plist */ = {isa = PBXFileReference; lastKnownFileType = text.plist.xml; path = Info.plist; sourceTree = "<group>"; };
		4D8CE6DB1950C3E300FD8164 /* main.m */ = {isa = PBXFileReference; lastKnownFileType = sourcecode.c.objc; path = main.m; sourceTree = "<group>"; };
		4D8CE6DD1950C3E300FD8164 /* AppDelegate.h */ = {isa = PBXFileReference; lastKnownFileType = sourcecode.c.h; path = AppDelegate.h; sourceTree = "<group>"; };
		4D8CE6DE1950C3E300FD8164 /* AppDelegate.m */ = {isa = PBXFileReference; lastKnownFileType = sourcecode.c.objc; path = AppDelegate.m; sourceTree = "<group>"; };
		4D8CE6E01950C3E300FD8164 /* ViewController.h */ = {isa = PBXFileReference; lastKnownFileType = sourcecode.c.h; path = ViewController.h; sourceTree = "<group>"; };
		4D8CE6E11950C3E300FD8164 /* ViewController.m */ = {isa = PBXFileReference; lastKnownFileType = sourcecode.c.objc; path = ViewController.m; sourceTree = "<group>"; };
		4D8CE6E41950C3E300FD8164 /* Base */ = {isa = PBXFileReference; lastKnownFileType = file.storyboard; name = Base; path = Base.lproj/Main.storyboard; sourceTree = "<group>"; };
		4D8CE6E61950C3E300FD8164 /* Images.xcassets */ = {isa = PBXFileReference; lastKnownFileType = folder.assetcatalog; path = Images.xcassets; sourceTree = "<group>"; };
		4D8CE6EC1950C3E300FD8164 /* NextiOSMeetupTests.xctest */ = {isa = PBXFileReference; explicitFileType = wrapper.cfbundle; includeInIndex = 0; path = NextiOSMeetupTests.xctest; sourceTree = BUILT_PRODUCTS_DIR; };
		4D8CE6F11950C3E300FD8164 /* Info.plist */ = {isa = PBXFileReference; lastKnownFileType = text.plist.xml; path = Info.plist; sourceTree = "<group>"; };
		4D8CE6F21950C3E300FD8164 /* NextiOSMeetupTests.m */ = {isa = PBXFileReference; lastKnownFileType = sourcecode.c.objc; path = NextiOSMeetupTests.m; sourceTree = "<group>"; };
		4D8CE7001950C8E900FD8164 /* Arkemm.NextiOSMeetup.NSLondon.appex */ = {isa = PBXFileReference; explicitFileType = "wrapper.app-extension"; includeInIndex = 0; path = Arkemm.NextiOSMeetup.NSLondon.appex; sourceTree = BUILT_PRODUCTS_DIR; };
		4D8CE7021950C8E900FD8164 /* NotificationCenter.framework */ = {isa = PBXFileReference; lastKnownFileType = wrapper.framework; name = NotificationCenter.framework; path = System/Library/Frameworks/NotificationCenter.framework; sourceTree = SDKROOT; };
		4D8CE7061950C8E900FD8164 /* Info.plist */ = {isa = PBXFileReference; lastKnownFileType = text.plist.xml; path = Info.plist; sourceTree = "<group>"; };
		4D8CE7071950C8E900FD8164 /* TodayViewController.h */ = {isa = PBXFileReference; lastKnownFileType = sourcecode.c.h; path = TodayViewController.h; sourceTree = "<group>"; };
		4D8CE7081950C8E900FD8164 /* TodayViewController.m */ = {isa = PBXFileReference; lastKnownFileType = sourcecode.c.objc; path = TodayViewController.m; sourceTree = "<group>"; };
		4D8CE70A1950C8E900FD8164 /* MainInterface.storyboard */ = {isa = PBXFileReference; lastKnownFileType = file.storyboard; path = MainInterface.storyboard; sourceTree = "<group>"; };
/* End PBXFileReference section */

/* Begin PBXFrameworksBuildPhase section */
		4D8CE6D31950C3E300FD8164 /* Frameworks */ = {
			isa = PBXFrameworksBuildPhase;
			buildActionMask = 2147483647;
			files = (
			);
			runOnlyForDeploymentPostprocessing = 0;
		};
		4D8CE6E91950C3E300FD8164 /* Frameworks */ = {
			isa = PBXFrameworksBuildPhase;
			buildActionMask = 2147483647;
			files = (
			);
			runOnlyForDeploymentPostprocessing = 0;
		};
		4D8CE6FD1950C8E900FD8164 /* Frameworks */ = {
			isa = PBXFrameworksBuildPhase;
			buildActionMask = 2147483647;
			files = (
				4D8CE7031950C8E900FD8164 /* NotificationCenter.framework in Frameworks */,
			);
			runOnlyForDeploymentPostprocessing = 0;
		};
/* End PBXFrameworksBuildPhase section */

/* Begin PBXGroup section */
		4D8CE6CD1950C3E300FD8164 = {
			isa = PBXGroup;
			children = (
				4D8CE6D81950C3E300FD8164 /* NextiOSMeetup */,
				4D8CE6EF1950C3E300FD8164 /* NextiOSMeetupTests */,
				4D8CE7041950C8E900FD8164 /* NSLondon */,
				4D8CE7011950C8E900FD8164 /* Frameworks */,
				4D8CE6D71950C3E300FD8164 /* Products */,
			);
			sourceTree = "<group>";
		};
		4D8CE6D71950C3E300FD8164 /* Products */ = {
			isa = PBXGroup;
			children = (
				4D8CE6D61950C3E300FD8164 /* NextiOSMeetup.app */,
				4D8CE6EC1950C3E300FD8164 /* NextiOSMeetupTests.xctest */,
				4D8CE7001950C8E900FD8164 /* Arkemm.NextiOSMeetup.NSLondon.appex */,
			);
			name = Products;
			sourceTree = "<group>";
		};
		4D8CE6D81950C3E300FD8164 /* NextiOSMeetup */ = {
			isa = PBXGroup;
			children = (
				4D8CE6DD1950C3E300FD8164 /* AppDelegate.h */,
				4D8CE6DE1950C3E300FD8164 /* AppDelegate.m */,
				4D8CE6E01950C3E300FD8164 /* ViewController.h */,
				4D8CE6E11950C3E300FD8164 /* ViewController.m */,
				4D8CE6E31950C3E300FD8164 /* Main.storyboard */,
				4D8CE6E61950C3E300FD8164 /* Images.xcassets */,
				4D8CE6D91950C3E300FD8164 /* Supporting Files */,
			);
			path = NextiOSMeetup;
			sourceTree = "<group>";
		};
		4D8CE6D91950C3E300FD8164 /* Supporting Files */ = {
			isa = PBXGroup;
			children = (
				4D8CE6DA1950C3E300FD8164 /* Info.plist */,
				4D8CE6DB1950C3E300FD8164 /* main.m */,
			);
			name = "Supporting Files";
			sourceTree = "<group>";
		};
		4D8CE6EF1950C3E300FD8164 /* NextiOSMeetupTests */ = {
			isa = PBXGroup;
			children = (
				4D8CE6F21950C3E300FD8164 /* NextiOSMeetupTests.m */,
				4D8CE6F01950C3E300FD8164 /* Supporting Files */,
			);
			path = NextiOSMeetupTests;
			sourceTree = "<group>";
		};
		4D8CE6F01950C3E300FD8164 /* Supporting Files */ = {
			isa = PBXGroup;
			children = (
				4D8CE6F11950C3E300FD8164 /* Info.plist */,
			);
			name = "Supporting Files";
			sourceTree = "<group>";
		};
		4D8CE7011950C8E900FD8164 /* Frameworks */ = {
			isa = PBXGroup;
			children = (
				4D8CE7021950C8E900FD8164 /* NotificationCenter.framework */,
			);
			name = Frameworks;
			sourceTree = "<group>";
		};
		4D8CE7041950C8E900FD8164 /* NSLondon */ = {
			isa = PBXGroup;
			children = (
				4D8CE7071950C8E900FD8164 /* TodayViewController.h */,
				4D8CE7081950C8E900FD8164 /* TodayViewController.m */,
				4D8CE70A1950C8E900FD8164 /* MainInterface.storyboard */,
				4D8CE7051950C8E900FD8164 /* Supporting Files */,
			);
			path = NSLondon;
			sourceTree = "<group>";
		};
		4D8CE7051950C8E900FD8164 /* Supporting Files */ = {
			isa = PBXGroup;
			children = (
				4D8CE7061950C8E900FD8164 /* Info.plist */,
			);
			name = "Supporting Files";
			sourceTree = "<group>";
		};
/* End PBXGroup section */

/* Begin PBXNativeTarget section */
		4D8CE6D51950C3E300FD8164 /* NextiOSMeetup */ = {
			isa = PBXNativeTarget;
			buildConfigurationList = 4D8CE6F61950C3E300FD8164 /* Build configuration list for PBXNativeTarget "NextiOSMeetup" */;
			buildPhases = (
				4D8CE6D21950C3E300FD8164 /* Sources */,
				4D8CE6D31950C3E300FD8164 /* Frameworks */,
				4D8CE6D41950C3E300FD8164 /* Resources */,
				4D8CE7141950C8E900FD8164 /* Embed App Extensions */,
			);
			buildRules = (
			);
			dependencies = (
				4D8CE70D1950C8E900FD8164 /* PBXTargetDependency */,
				4D8CE7101950C8E900FD8164 /* PBXTargetDependency */,
			);
			name = NextiOSMeetup;
			productName = NextiOSMeetup;
			productReference = 4D8CE6D61950C3E300FD8164 /* NextiOSMeetup.app */;
			productType = "com.apple.product-type.application";
		};
		4D8CE6EB1950C3E300FD8164 /* NextiOSMeetupTests */ = {
			isa = PBXNativeTarget;
			buildConfigurationList = 4D8CE6F91950C3E300FD8164 /* Build configuration list for PBXNativeTarget "NextiOSMeetupTests" */;
			buildPhases = (
				4D8CE6E81950C3E300FD8164 /* Sources */,
				4D8CE6E91950C3E300FD8164 /* Frameworks */,
				4D8CE6EA1950C3E300FD8164 /* Resources */,
			);
			buildRules = (
			);
			dependencies = (
				4D8CE6EE1950C3E300FD8164 /* PBXTargetDependency */,
			);
			name = NextiOSMeetupTests;
			productName = NextiOSMeetupTests;
			productReference = 4D8CE6EC1950C3E300FD8164 /* NextiOSMeetupTests.xctest */;
			productType = "com.apple.product-type.bundle.unit-test";
		};
		4D8CE6FF1950C8E900FD8164 /* NSLondon */ = {
			isa = PBXNativeTarget;
			buildConfigurationList = 4D8CE7111950C8E900FD8164 /* Build configuration list for PBXNativeTarget "NSLondon" */;
			buildPhases = (
				4D8CE6FC1950C8E900FD8164 /* Sources */,
				4D8CE6FD1950C8E900FD8164 /* Frameworks */,
				4D8CE6FE1950C8E900FD8164 /* Resources */,
			);
			buildRules = (
			);
			dependencies = (
			);
			name = NSLondon;
			productName = NSLondon;
			productReference = 4D8CE7001950C8E900FD8164 /* Arkemm.NextiOSMeetup.NSLondon.appex */;
			productType = "com.apple.product-type.app-extension";
		};
/* End PBXNativeTarget section */

/* Begin PBXProject section */
		4D8CE6CE1950C3E300FD8164 /* Project object */ = {
			isa = PBXProject;
			attributes = {
				LastUpgradeCheck = 0600;
				ORGANIZATIONNAME = Arkemm;
				TargetAttributes = {
					4D8CE6D51950C3E300FD8164 = {
						CreatedOnToolsVersion = 6.0;
					};
					4D8CE6EB1950C3E300FD8164 = {
						CreatedOnToolsVersion = 6.0;
						TestTargetID = 4D8CE6D51950C3E300FD8164;
					};
					4D8CE6FF1950C8E900FD8164 = {
						CreatedOnToolsVersion = 6.0;
					};
				};
			};
			buildConfigurationList = 4D8CE6D11950C3E300FD8164 /* Build configuration list for PBXProject "NextiOSMeetup" */;
			compatibilityVersion = "Xcode 3.2";
			developmentRegion = English;
			hasScannedForEncodings = 0;
			knownRegions = (
				en,
				Base,
			);
			mainGroup = 4D8CE6CD1950C3E300FD8164;
			productRefGroup = 4D8CE6D71950C3E300FD8164 /* Products */;
			projectDirPath = "";
			projectRoot = "";
			targets = (
				4D8CE6D51950C3E300FD8164 /* NextiOSMeetup */,
				4D8CE6EB1950C3E300FD8164 /* NextiOSMeetupTests */,
				4D8CE6FF1950C8E900FD8164 /* NSLondon */,
			);
		};
/* End PBXProject section */

/* Begin PBXResourcesBuildPhase section */
		4D8CE6D41950C3E300FD8164 /* Resources */ = {
			isa = PBXResourcesBuildPhase;
			buildActionMask = 2147483647;
			files = (
				4D8CE6E51950C3E300FD8164 /* Main.storyboard in Resources */,
				4D8CE6E71950C3E300FD8164 /* Images.xcassets in Resources */,
			);
			runOnlyForDeploymentPostprocessing = 0;
		};
		4D8CE6EA1950C3E300FD8164 /* Resources */ = {
			isa = PBXResourcesBuildPhase;
			buildActionMask = 2147483647;
			files = (
			);
			runOnlyForDeploymentPostprocessing = 0;
		};
		4D8CE6FE1950C8E900FD8164 /* Resources */ = {
			isa = PBXResourcesBuildPhase;
			buildActionMask = 2147483647;
			files = (
				4D8CE70B1950C8E900FD8164 /* MainInterface.storyboard in Resources */,
			);
			runOnlyForDeploymentPostprocessing = 0;
		};
/* End PBXResourcesBuildPhase section */

/* Begin PBXSourcesBuildPhase section */
		4D8CE6D21950C3E300FD8164 /* Sources */ = {
			isa = PBXSourcesBuildPhase;
			buildActionMask = 2147483647;
			files = (
				4D8CE6E21950C3E300FD8164 /* ViewController.m in Sources */,
				4D8CE6DF1950C3E300FD8164 /* AppDelegate.m in Sources */,
				4D8CE6DC1950C3E300FD8164 /* main.m in Sources */,
			);
			runOnlyForDeploymentPostprocessing = 0;
		};
		4D8CE6E81950C3E300FD8164 /* Sources */ = {
			isa = PBXSourcesBuildPhase;
			buildActionMask = 2147483647;
			files = (
				4D8CE6F31950C3E300FD8164 /* NextiOSMeetupTests.m in Sources */,
			);
			runOnlyForDeploymentPostprocessing = 0;
		};
		4D8CE6FC1950C8E900FD8164 /* Sources */ = {
			isa = PBXSourcesBuildPhase;
			buildActionMask = 2147483647;
			files = (
				4D8CE7091950C8E900FD8164 /* TodayViewController.m in Sources */,
			);
			runOnlyForDeploymentPostprocessing = 0;
		};
/* End PBXSourcesBuildPhase section */

/* Begin PBXTargetDependency section */
		4D8CE6EE1950C3E300FD8164 /* PBXTargetDependency */ = {
			isa = PBXTargetDependency;
			target = 4D8CE6D51950C3E300FD8164 /* NextiOSMeetup */;
			targetProxy = 4D8CE6ED1950C3E300FD8164 /* PBXContainerItemProxy */;
		};
		4D8CE70D1950C8E900FD8164 /* PBXTargetDependency */ = {
			isa = PBXTargetDependency;
			target = 4D8CE6FF1950C8E900FD8164 /* NSLondon */;
			targetProxy = 4D8CE70C1950C8E900FD8164 /* PBXContainerItemProxy */;
		};
		4D8CE7101950C8E900FD8164 /* PBXTargetDependency */ = {
			isa = PBXTargetDependency;
			target = 4D8CE6FF1950C8E900FD8164 /* NSLondon */;
			targetProxy = 4D8CE70F1950C8E900FD8164 /* PBXContainerItemProxy */;
		};
/* End PBXTargetDependency section */

/* Begin PBXVariantGroup section */
		4D8CE6E31950C3E300FD8164 /* Main.storyboard */ = {
			isa = PBXVariantGroup;
			children = (
				4D8CE6E41950C3E300FD8164 /* Base */,
			);
			name = Main.storyboard;
			sourceTree = "<group>";
		};
/* End PBXVariantGroup section */

/* Begin XCBuildConfiguration section */
		4D8CE6F41950C3E300FD8164 /* Debug */ = {
			isa = XCBuildConfiguration;
			buildSettings = {
				ALWAYS_SEARCH_USER_PATHS = NO;
				CLANG_CXX_LANGUAGE_STANDARD = "gnu++0x";
				CLANG_CXX_LIBRARY = "libc++";
				CLANG_ENABLE_MODULES = YES;
				CLANG_ENABLE_OBJC_ARC = YES;
				CLANG_WARN_BOOL_CONVERSION = YES;
				CLANG_WARN_CONSTANT_CONVERSION = YES;
				CLANG_WARN_DIRECT_OBJC_ISA_USAGE = YES_ERROR;
				CLANG_WARN_EMPTY_BODY = YES;
				CLANG_WARN_ENUM_CONVERSION = YES;
				CLANG_WARN_INT_CONVERSION = YES;
				CLANG_WARN_OBJC_ROOT_CLASS = YES_ERROR;
				CLANG_WARN_UNREACHABLE_CODE = YES;
				CLANG_WARN__DUPLICATE_METHOD_MATCH = YES;
				"CODE_SIGN_IDENTITY[sdk=iphoneos*]" = "iPhone Developer";
				COPY_PHASE_STRIP = NO;
				ENABLE_STRICT_OBJC_MSGSEND = YES;
				GCC_C_LANGUAGE_STANDARD = gnu99;
				GCC_DYNAMIC_NO_PIC = NO;
				GCC_OPTIMIZATION_LEVEL = 0;
				GCC_PREPROCESSOR_DEFINITIONS = (
					"DEBUG=1",
					"$(inherited)",
				);
				GCC_SYMBOLS_PRIVATE_EXTERN = NO;
				GCC_WARN_64_TO_32_BIT_CONVERSION = YES;
				GCC_WARN_ABOUT_RETURN_TYPE = YES_ERROR;
				GCC_WARN_UNDECLARED_SELECTOR = YES;
				GCC_WARN_UNINITIALIZED_AUTOS = YES_AGGRESSIVE;
				GCC_WARN_UNUSED_FUNCTION = YES;
				GCC_WARN_UNUSED_VARIABLE = YES;
				IPHONEOS_DEPLOYMENT_TARGET = 8.0;
				METAL_ENABLE_DEBUG_INFO = YES;
				ONLY_ACTIVE_ARCH = YES;
				SDKROOT = iphoneos;
				TARGETED_DEVICE_FAMILY = "1,2";
			};
			name = Debug;
		};
		4D8CE6F51950C3E300FD8164 /* Release */ = {
			isa = XCBuildConfiguration;
			buildSettings = {
				ALWAYS_SEARCH_USER_PATHS = NO;
				CLANG_CXX_LANGUAGE_STANDARD = "gnu++0x";
				CLANG_CXX_LIBRARY = "libc++";
				CLANG_ENABLE_MODULES = YES;
				CLANG_ENABLE_OBJC_ARC = YES;
				CLANG_WARN_BOOL_CONVERSION = YES;
				CLANG_WARN_CONSTANT_CONVERSION = YES;
				CLANG_WARN_DIRECT_OBJC_ISA_USAGE = YES_ERROR;
				CLANG_WARN_EMPTY_BODY = YES;
				CLANG_WARN_ENUM_CONVERSION = YES;
				CLANG_WARN_INT_CONVERSION = YES;
				CLANG_WARN_OBJC_ROOT_CLASS = YES_ERROR;
				CLANG_WARN_UNREACHABLE_CODE = YES;
				CLANG_WARN__DUPLICATE_METHOD_MATCH = YES;
				"CODE_SIGN_IDENTITY[sdk=iphoneos*]" = "iPhone Developer";
				COPY_PHASE_STRIP = YES;
				ENABLE_NS_ASSERTIONS = NO;
				ENABLE_STRICT_OBJC_MSGSEND = YES;
				GCC_C_LANGUAGE_STANDARD = gnu99;
				GCC_WARN_64_TO_32_BIT_CONVERSION = YES;
				GCC_WARN_ABOUT_RETURN_TYPE = YES_ERROR;
				GCC_WARN_UNDECLARED_SELECTOR = YES;
				GCC_WARN_UNINITIALIZED_AUTOS = YES_AGGRESSIVE;
				GCC_WARN_UNUSED_FUNCTION = YES;
				GCC_WARN_UNUSED_VARIABLE = YES;
				IPHONEOS_DEPLOYMENT_TARGET = 8.0;
				METAL_ENABLE_DEBUG_INFO = NO;
				SDKROOT = iphoneos;
				TARGETED_DEVICE_FAMILY = "1,2";
				VALIDATE_PRODUCT = YES;
			};
			name = Release;
		};
		4D8CE6F71950C3E300FD8164 /* Debug */ = {
			isa = XCBuildConfiguration;
			buildSettings = {
				ASSETCATALOG_COMPILER_APPICON_NAME = AppIcon;
				ASSETCATALOG_COMPILER_LAUNCHIMAGE_NAME = LaunchImage;
				INFOPLIST_FILE = NextiOSMeetup/Info.plist;
				LD_RUNPATH_SEARCH_PATHS = "$(inherited) @executable_path/Frameworks";
				PRODUCT_NAME = "$(TARGET_NAME)";
			};
			name = Debug;
		};
		4D8CE6F81950C3E300FD8164 /* Release */ = {
			isa = XCBuildConfiguration;
			buildSettings = {
				ASSETCATALOG_COMPILER_APPICON_NAME = AppIcon;
				ASSETCATALOG_COMPILER_LAUNCHIMAGE_NAME = LaunchImage;
				INFOPLIST_FILE = NextiOSMeetup/Info.plist;
				LD_RUNPATH_SEARCH_PATHS = "$(inherited) @executable_path/Frameworks";
				PRODUCT_NAME = "$(TARGET_NAME)";
			};
			name = Release;
		};
		4D8CE6FA1950C3E300FD8164 /* Debug */ = {
			isa = XCBuildConfiguration;
			buildSettings = {
				BUNDLE_LOADER = "$(BUILT_PRODUCTS_DIR)/NextiOSMeetup.app/NextiOSMeetup";
				FRAMEWORK_SEARCH_PATHS = (
					"$(SDKROOT)/Developer/Library/Frameworks",
					"$(inherited)",
				);
				GCC_PREPROCESSOR_DEFINITIONS = (
					"DEBUG=1",
					"$(inherited)",
				);
				INFOPLIST_FILE = NextiOSMeetupTests/Info.plist;
				LD_RUNPATH_SEARCH_PATHS = "$(inherited) @executable_path/Frameworks @loader_path/Frameworks";
				METAL_ENABLE_DEBUG_INFO = YES;
				PRODUCT_NAME = "$(TARGET_NAME)";
				TEST_HOST = "$(BUNDLE_LOADER)";
			};
			name = Debug;
		};
		4D8CE6FB1950C3E300FD8164 /* Release */ = {
			isa = XCBuildConfiguration;
			buildSettings = {
				BUNDLE_LOADER = "$(BUILT_PRODUCTS_DIR)/NextiOSMeetup.app/NextiOSMeetup";
				FRAMEWORK_SEARCH_PATHS = (
					"$(SDKROOT)/Developer/Library/Frameworks",
					"$(inherited)",
				);
				INFOPLIST_FILE = NextiOSMeetupTests/Info.plist;
				LD_RUNPATH_SEARCH_PATHS = "$(inherited) @executable_path/Frameworks @loader_path/Frameworks";
				METAL_ENABLE_DEBUG_INFO = NO;
				PRODUCT_NAME = "$(TARGET_NAME)";
				TEST_HOST = "$(BUNDLE_LOADER)";
			};
			name = Release;
		};
		4D8CE7121950C8E900FD8164 /* Debug */ = {
			isa = XCBuildConfiguration;
			buildSettings = {
				GCC_PREPROCESSOR_DEFINITIONS = (
					"DEBUG=1",
					"$(inherited)",
				);
				INFOPLIST_FILE = NSLondon/Info.plist;
				LD_RUNPATH_SEARCH_PATHS = "$(inherited) @executable_path/Frameworks @executable_path/../../Frameworks";
				METAL_ENABLE_DEBUG_INFO = YES;
				PRODUCT_NAME = "Arkemm.NextiOSMeetup.$(TARGET_NAME:rfc1034identifier)";
				SKIP_INSTALL = YES;
			};
			name = Debug;
		};
		4D8CE7131950C8E900FD8164 /* Release */ = {
			isa = XCBuildConfiguration;
			buildSettings = {
				INFOPLIST_FILE = NSLondon/Info.plist;
				LD_RUNPATH_SEARCH_PATHS = "$(inherited) @executable_path/Frameworks @executable_path/../../Frameworks";
				METAL_ENABLE_DEBUG_INFO = NO;
				PRODUCT_NAME = "Arkemm.NextiOSMeetup.$(TARGET_NAME:rfc1034identifier)";
				SKIP_INSTALL = YES;
			};
			name = Release;
		};
/* End XCBuildConfiguration section */

/* Begin XCConfigurationList section */
		4D8CE6D11950C3E300FD8164 /* Build configuration list for PBXProject "NextiOSMeetup" */ = {
			isa = XCConfigurationList;
			buildConfigurations = (
				4D8CE6F41950C3E300FD8164 /* Debug */,
				4D8CE6F51950C3E300FD8164 /* Release */,
			);
			defaultConfigurationIsVisible = 0;
			defaultConfigurationName = Release;
		};
		4D8CE6F61950C3E300FD8164 /* Build configuration list for PBXNativeTarget "NextiOSMeetup" */ = {
			isa = XCConfigurationList;
			buildConfigurations = (
				4D8CE6F71950C3E300FD8164 /* Debug */,
				4D8CE6F81950C3E300FD8164 /* Release */,
			);
			defaultConfigurationIsVisible = 0;
		};
		4D8CE6F91950C3E300FD8164 /* Build configuration list for PBXNativeTarget "NextiOSMeetupTests" */ = {
			isa = XCConfigurationList;
			buildConfigurations = (
				4D8CE6FA1950C3E300FD8164 /* Debug */,
				4D8CE6FB1950C3E300FD8164 /* Release */,
			);
			defaultConfigurationIsVisible = 0;
		};
		4D8CE7111950C8E900FD8164 /* Build configuration list for PBXNativeTarget "NSLondon" */ = {
			isa = XCConfigurationList;
			buildConfigurations = (
				4D8CE7121950C8E900FD8164 /* Debug */,
				4D8CE7131950C8E900FD8164 /* Release */,
			);
			defaultConfigurationIsVisible = 0;
		};
/* End XCConfigurationList section */
	};
	rootObject = 4D8CE6CE1950C3E300FD8164 /* Project object */;
}
